
Microsoft Visual Studio Solution File, Format Version 12.00
# Visual Studio 14
VisualStudioVersion = 14.0.23107.0
MinimumVisualStudioVersion = 10.0.40219.1
Project("{FAE04EC0-301F-11D3-BF4B-00C04F79EFBC}") = "CafeBar.Entities", "CafeBar.Entities\CafeBar.Entities.csproj", "{0B712F16-C450-49C9-9289-8DDFD1415DE1}"
EndProject
Project("{FAE04EC0-301F-11D3-BF4B-00C04F79EFBC}") = "TesterConsole", "TesterConsole\TesterConsole.csproj", "{A9AA5EB1-18BC-4C7D-8FB8-2319218BBAF5}"
EndProject
Global
	GlobalSection(SolutionConfigurationPlatforms) = preSolution
		Debug|Any CPU = Debug|Any CPU
		Release|Any CPU = Release|Any CPU
	EndGlobalSection
	GlobalSection(ProjectConfigurationPlatforms) = postSolution
		{0B712F16-C450-49C9-9289-8DDFD1415DE1}.Debug|Any CPU.ActiveCfg = Debug|Any CPU
		{0B712F16-C450-49C9-9289-8DDFD1415DE1}.Debug|Any CPU.Build.0 = Debug|Any CPU
		{0B712F16-C450-49C9-9289-8DDFD1415DE1}.Release|Any CPU.ActiveCfg = Release|Any CPU
		{0B712F16-C450-49C9-9289-8DDFD1415DE1}.Release|Any CPU.Build.0 = Release|Any CPU
		{A9AA5EB1-18BC-4C7D-8FB8-2319218BBAF5}.Debug|Any CPU.ActiveCfg = Debug|Any CPU
		{A9AA5EB1-18BC-4C7D-8FB8-2319218BBAF5}.Debug|Any CPU.Build.0 = Debug|Any CPU
		{A9AA5EB1-18BC-4C7D-8FB8-2319218BBAF5}.Release|Any CPU.ActiveCfg = Release|Any CPU
		{A9AA5EB1-18BC-4C7D-8FB8-2319218BBAF5}.Release|Any CPU.Build.0 = Release|Any CPU
	EndGlobalSection
	GlobalSection(SolutionProperties) = preSolution
		HideSolutionNode = FALSE
	EndGlobalSection
EndGlobal
